<?xml version="1.0" encoding="utf-8"?>
<Project ToolsVersion="4.0" xmlns="http://schemas.microsoft.com/developer/msbuild/2003">
  <ItemGroup>
    <Filter Include="Source Files">
      <UniqueIdentifier>{4FC737F1-C7A5-4376-A066-2A32D752A2FF}</UniqueIdentifier>
      <Extensions>cpp;c;cc;cxx;def;odl;idl;hpj;bat;asm;asmx</Extensions>
    </Filter>
    <Filter Include="Header Files">
      <UniqueIdentifier>{93995380-89BD-4b04-88EB-625FBE52EBFB}</UniqueIdentifier>
      <Extensions>h;hh;hpp;hxx;hm;inl;inc;ipp;xsd</Extensions>
    </Filter>
    <Filter Include="Resource Files">
      <UniqueIdentifier>{67DA6AB6-F800-4c08-8B7A-83BB121AAD01}</UniqueIdentifier>
      <Extensions>rc;ico;cur;bmp;dlg;rc2;rct;bin;rgs;gif;jpg;jpeg;jpe;resx;tiff;tif;png;wav;mfcribbon-ms</Extensions>
    </Filter>
  </ItemGroup>
  <ItemGroup>
    <ClInclude Include="source\core\engine.h">
      <Filter>Header Files</Filter>
    </ClInclude>
    <ClInclude Include="source\core\game.h">
      <Filter>Header Files</Filter>
    </ClInclude>
    <ClInclude Include="source\utilities\version_ID.h">
      <Filter>Header Files</Filter>
    </ClInclude>
    <ClInclude Include="source\core\core_defines.h">
      <Filter>Header Files</Filter>
    </ClInclude>
    <ClInclude Include="source\gameplay\neon_game.h">
      <Filter>Header Files</Filter>
    </ClInclude>
    <ClInclude Include="source\core\window\window_descriptor.h">
      <Filter>Header Files</Filter>
    </ClInclude>
    <ClInclude Include="source\core\window\window.h">
      <Filter>Header Files</Filter>
    </ClInclude>
    <ClInclude Include="source\platform\windows\core\window\windows_window.h">
      <Filter>Header Files</Filter>
    </ClInclude>
    <ClInclude Include="source\graphics\graphics_context.h">
      <Filter>Header Files</Filter>
    </ClInclude>
    <ClInclude Include="source\graphics\graphics_driver.h">
      <Filter>Header Files</Filter>
    </ClInclude>
    <ClInclude Include="source\graphics\graphics_defines.h">
      <Filter>Header Files</Filter>
    </ClInclude>
    <ClInclude Include="source\graphics\resources\format.h">
      <Filter>Header Files</Filter>
    </ClInclude>
    <ClInclude Include="source\graphics\api\directx12\dx12_graphics_context.h">
      <Filter>Header Files</Filter>
    </ClInclude>
    <ClInclude Include="source\graphics\objects\command\command_queue.h">
      <Filter>Header Files</Filter>
    </ClInclude>
    <ClInclude Include="source\graphics\objects\command\command_buffer.h">
      <Filter>Header Files</Filter>
    </ClInclude>
    <ClInclude Include="source\graphics\objects\command\command_queue_type.h">
      <Filter>Header Files</Filter>
    </ClInclude>
    <ClInclude Include="source\graphics\api\directx12\objects\command\dx12_command_buffer.h">
      <Filter>Header Files</Filter>
    </ClInclude>
    <ClInclude Include="source\graphics\api\directx12\objects\command\dx12_command_queue.h">
      <Filter>Header Files</Filter>
    </ClInclude>
    <ClInclude Include="source\graphics\api\directx12\objects\command\dx12_command_queue_type.h">
      <Filter>Header Files</Filter>
    </ClInclude>
    <ClInclude Include="source\graphics\objects\command\command_buffer_type.h">
      <Filter>Header Files</Filter>
    </ClInclude>
    <ClInclude Include="source\graphics\api\directx12\objects\command\dx12_command_buffer_type.h">
      <Filter>Header Files</Filter>
    </ClInclude>
    <ClInclude Include="source\graphics\objects\swapchain\swapchain.h">
      <Filter>Header Files</Filter>
    </ClInclude>
    <ClInclude Include="source\graphics\hardware\adapter\display_mode_descriptor.h">
      <Filter>Header Files</Filter>
    </ClInclude>
    <ClInclude Include="source\graphics\hardware\adapter\video_output_descriptor.h">
      <Filter>Header Files</Filter>
    </ClInclude>
    <ClInclude Include="source\graphics\hardware\adapter\video_adapter_descriptor.h">
      <Filter>Header Files</Filter>
    </ClInclude>
    <ClInclude Include="source\graphics\objects\command\command_buffer_state.h">
      <Filter>Header Files</Filter>
    </ClInclude>
    <ClInclude Include="source\graphics\api\vulkan\vk_graphics_context.h">
      <Filter>Header Files</Filter>
    </ClInclude>
    <ClInclude Include="source\graphics\api\directx12\dx12_error.h">
      <Filter>Header Files</Filter>
    </ClInclude>
    <ClInclude Include="source\graphics\api\vulkan\vk_error.h">
      <Filter>Header Files</Filter>
    </ClInclude>
    <ClInclude Include="source\graphics\hardware\adapter\adapter_type.h">
      <Filter>Header Files</Filter>
    </ClInclude>
    <ClInclude Include="source\graphics\api\vulkan\objects\command\vk_command_buffer.h">
      <Filter>Header Files</Filter>
    </ClInclude>
    <ClInclude Include="source\graphics\objects\command\command_buffer_descriptor.h">
      <Filter>Header Files</Filter>
    </ClInclude>
    <ClInclude Include="source\graphics\api\directx12\objects\command\dx12_command_pool.h">
      <Filter>Header Files</Filter>
    </ClInclude>
    <ClInclude Include="source\graphics\objects\command\command_queue_descriptor.h">
      <Filter>Header Files</Filter>
    </ClInclude>
    <ClInclude Include="source\graphics\api\vulkan\objects\command\vk_command_buffer_type.h">
      <Filter>Header Files</Filter>
    </ClInclude>
    <ClInclude Include="source\utilities\casting\casting_helper.h">
      <Filter>Header Files</Filter>
    </ClInclude>
    <ClInclude Include="source\graphics\api\vulkan\objects\command\vk_command_queue.h">
      <Filter>Header Files</Filter>
    </ClInclude>
    <ClInclude Include="source\graphics\api\vulkan\objects\command\vk_command_queue_type.h">
      <Filter>Header Files</Filter>
    </ClInclude>
    <ClInclude Include="source\graphics\objects\sync\fence.h">
      <Filter>Header Files</Filter>
    </ClInclude>
    <ClInclude Include="source\graphics\objects\sync\fence_descriptor.h">
      <Filter>Header Files</Filter>
    </ClInclude>
    <ClInclude Include="source\graphics\objects\sync\fence_status.h">
      <Filter>Header Files</Filter>
    </ClInclude>
    <ClInclude Include="source\graphics\objects\sync\fence_return.h">
      <Filter>Header Files</Filter>
    </ClInclude>
    <ClInclude Include="source\graphics\api\vulkan\objects\sync\vk_fence.h">
      <Filter>Header Files</Filter>
    </ClInclude>
    <ClInclude Include="source\graphics\objects\command\command_pool_descriptor.h">
      <Filter>Header Files</Filter>
    </ClInclude>
    <ClInclude Include="source\graphics\api\vulkan\objects\command\vk_command_pool.h">
      <Filter>Header Files</Filter>
    </ClInclude>
    <ClInclude Include="source\graphics\objects\command\command_pool.h">
      <Filter>Header Files</Filter>
    </ClInclude>
    <ClInclude Include="source\graphics\api\directx12\objects\sync\dx12_fence.h">
      <Filter>Header Files</Filter>
    </ClInclude>
    <ClInclude Include="source\graphics\objects\swapchain\swapchain_descriptor.h">
      <Filter>Header Files</Filter>
    </ClInclude>
    <ClInclude Include="source\graphics\api\directx12\objects\swapchain\dx12_swapchain.h">
      <Filter>Header Files</Filter>
    </ClInclude>
    <ClInclude Include="source\graphics\resources\texture\render_texture2D.h">
      <Filter>Header Files</Filter>
    </ClInclude>
    <ClInclude Include="source\graphics\resources\texture\render_texture2D_descriptor.h">
      <Filter>Header Files</Filter>
    </ClInclude>
    <ClInclude Include="source\graphics\resources\texture\texture_format.h">
      <Filter>Header Files</Filter>
    </ClInclude>
    <ClInclude Include="source\graphics\pipeline\inputLayout\input_layout.h">
      <Filter>Header Files</Filter>
    </ClInclude>
    <ClInclude Include="source\graphics\pipeline\inputLayout\input_layout_element_format.h">
      <Filter>Header Files</Filter>
    </ClInclude>
    <ClInclude Include="source\graphics\pipeline\inputLayout\input_layout_element.h">
      <Filter>Header Files</Filter>
    </ClInclude>
    <ClInclude Include="source\graphics\pipeline\graphics_pipeline.h">
      <Filter>Header Files</Filter>
    </ClInclude>
    <ClInclude Include="source\graphics\pipeline\graphics_pipeline_descriptor.h">
      <Filter>Header Files</Filter>
    </ClInclude>
    <ClInclude Include="source\graphics\api\vulkan\pipeline\vk_graphics_pipeline.h">
      <Filter>Header Files</Filter>
    </ClInclude>
    <ClInclude Include="source\graphics\objects\command_generic\viewport.h">
      <Filter>Header Files</Filter>
    </ClInclude>
    <ClInclude Include="source\graphics\objects\command_generic\scissor.h">
      <Filter>Header Files</Filter>
    </ClInclude>
    <ClInclude Include="source\graphics\pipeline\rasterizer\rasterizer_state.h">
      <Filter>Header Files</Filter>
    </ClInclude>
    <ClInclude Include="source\graphics\pipeline\rasterizer\cull_modes.h">
      <Filter>Header Files</Filter>
    </ClInclude>
    <ClInclude Include="source\graphics\pipeline\rasterizer\cull_faces.h">
      <Filter>Header Files</Filter>
    </ClInclude>
    <ClInclude Include="source\graphics\pipeline\rasterizer\fill_modes.h">
      <Filter>Header Files</Filter>
    </ClInclude>
    <ClInclude Include="source\graphics\api\vulkan\pipeline\rasterizer\vk_fill_modes.h">
      <Filter>Header Files</Filter>
    </ClInclude>
    <ClInclude Include="source\graphics\api\vulkan\pipeline\rasterizer\vk_cull_modes.h">
      <Filter>Header Files</Filter>
    </ClInclude>
    <ClInclude Include="source\graphics\api\vulkan\pipeline\rasterizer\vk_cull_faces.h">
      <Filter>Header Files</Filter>
    </ClInclude>
    <ClInclude Include="resource.h">
      <Filter>Header Files</Filter>
    </ClInclude>
    <ClInclude Include="source\graphics\resources\shader\shader.h">
      <Filter>Header Files</Filter>
    </ClInclude>
    <ClInclude Include="source\graphics\resources\shader\shader_descriptor.h">
      <Filter>Header Files</Filter>
    </ClInclude>
    <ClInclude Include="source\graphics\resources\buffer\vertex_buffer.h">
      <Filter>Header Files</Filter>
    </ClInclude>
    <ClInclude Include="source\graphics\resources\buffer\vertex_buffer_descriptor.h">
      <Filter>Header Files</Filter>
    </ClInclude>
    <ClInclude Include="source\graphics\api\vulkan\resources\buffer\vk_vertex_buffer.h">
      <Filter>Header Files</Filter>
    </ClInclude>
    <ClInclude Include="source\graphics\resources\memory\memory_pool.h">
      <Filter>Header Files</Filter>
    </ClInclude>
    <ClInclude Include="source\graphics\resources\memory\memory_pool_descriptor.h">
      <Filter>Header Files</Filter>
    </ClInclude>
    <ClInclude Include="source\graphics\resources\memory\memory_access.h">
      <Filter>Header Files</Filter>
    </ClInclude>
    <ClInclude Include="source\graphics\api\vulkan\resources\memory\vk_memory_pool.h">
      <Filter>Header Files</Filter>
    </ClInclude>
    <ClInclude Include="source\graphics\resources\buffer\index_buffer.h">
      <Filter>Header Files</Filter>
    </ClInclude>
    <ClInclude Include="source\graphics\resources\buffer\index_buffer_descriptor.h">
      <Filter>Header Files</Filter>
    </ClInclude>
    <ClInclude Include="source\graphics\resources\buffer\uniform_buffer.h">
      <Filter>Header Files</Filter>
    </ClInclude>
    <ClInclude Include="source\graphics\resources\buffer\uniform_buffer_descriptor.h">
      <Filter>Header Files</Filter>
    </ClInclude>
    <ClInclude Include="source\graphics\resources\buffer\vertex_array.h">
      <Filter>Header Files</Filter>
    </ClInclude>
    <ClInclude Include="source\graphics\resources\buffer\vertex_array_descriptor.h">
      <Filter>Header Files</Filter>
    </ClInclude>
    <ClInclude Include="source\graphics\resources\buffer\buffer_format.h">
      <Filter>Header Files</Filter>
    </ClInclude>
    <ClInclude Include="source\graphics\resources\buffer\buffer_usage.h">
      <Filter>Header Files</Filter>
    </ClInclude>
    <ClInclude Include="source\graphics\api\vulkan\resources\buffer\vk_index_buffer.h">
      <Filter>Header Files</Filter>
    </ClInclude>
    <ClInclude Include="source\graphics\api\directx12\resources\buffer\dx12_vertex_buffer.h">
      <Filter>Header Files</Filter>
    </ClInclude>
    <ClInclude Include="source\graphics\api\directx12\resources\memory\dx12_memory_pool.h">
      <Filter>Header Files</Filter>
    </ClInclude>
    <ClInclude Include="source\graphics\objects\sync\resource_barrier.h">
      <Filter>Header Files</Filter>
    </ClInclude>
    <ClInclude Include="source\graphics\api\directx12\resources\buffer\dx12_index_buffer.h">
      <Filter>Header Files</Filter>
    </ClInclude>
    <ClInclude Include="source\graphics\objects\swapchain\back_buffer_format.h">
      <Filter>Header Files</Filter>
    </ClInclude>
    <ClInclude Include="source\graphics\objects\sync\resource_barrier_descriptor.h">
      <Filter>Header Files</Filter>
    </ClInclude>
    <ClInclude Include="source\graphics\api\directx12\resources\shader\dx12_shader.h">
      <Filter>Header Files</Filter>
    </ClInclude>
    <ClInclude Include="source\graphics\resources\shader\shader_flags.h">
      <Filter>Header Files</Filter>
    </ClInclude>
    <ClInclude Include="source\graphics\resources\shader\shader_reflection.h">
      <Filter>Header Files</Filter>
    </ClInclude>
    <ClInclude Include="source\utilities\string_utils.h">
      <Filter>Header Files</Filter>
    </ClInclude>
    <ClInclude Include="source\graphics\api\directx12\pipeline\inputLayout\dx12_input_layout_element_format.h">
      <Filter>Header Files</Filter>
    </ClInclude>
    <ClInclude Include="source\graphics\api\directx12\pipeline\inputLayout\dx12_input_layout.h">
      <Filter>Header Files</Filter>
    </ClInclude>
    <ClInclude Include="source\graphics\api\directx12\pipeline\dx12_graphics_pipeline.h">
      <Filter>Header Files</Filter>
    </ClInclude>
    <ClInclude Include="source\core\system\file_system.h">
      <Filter>Header Files</Filter>
    </ClInclude>
    <ClInclude Include="source\utilities\hashing\hashing_helper.h">
      <Filter>Header Files</Filter>
    </ClInclude>
    <ClInclude Include="source\graphics\api\vulkan\resources\shader\vk_shader.h">
      <Filter>Header Files</Filter>
    </ClInclude>
    <ClInclude Include="source\graphics\objects\command_generic\topology.h">
      <Filter>Header Files</Filter>
    </ClInclude>
    <ClInclude Include="source\graphics\objects\command_generic\topology_state.h">
      <Filter>Header Files</Filter>
    </ClInclude>
    <ClInclude Include="source\graphics\api\vulkan\objects\command_generic\vk_topology.h">
      <Filter>Header Files</Filter>
    </ClInclude>
    <ClInclude Include="source\graphics\api\directx12\objects\command_generic\dx12_topology.h">
      <Filter>Header Files</Filter>
    </ClInclude>
    <ClInclude Include="source\graphics\api\directx12\objects\command_generic\dx12_topology_state.h">
      <Filter>Header Files</Filter>
    </ClInclude>
    <ClInclude Include="source\graphics\api\directx12\objects\command_generic\dx12_viewport.h">
      <Filter>Header Files</Filter>
    </ClInclude>
    <ClInclude Include="source\graphics\api\directx12\objects\command_generic\dx12_scissor.h">
      <Filter>Header Files</Filter>
    </ClInclude>
    <ClInclude Include="source\graphics\objects\framebuffer\framebuffer.h">
      <Filter>Header Files</Filter>
    </ClInclude>
    <ClInclude Include="source\graphics\objects\framebuffer\framebuffer_attachment.h">
      <Filter>Header Files</Filter>
    </ClInclude>
    <ClInclude Include="source\graphics\objects\framebuffer\framebuffer_attachment_descriptor.h">
      <Filter>Header Files</Filter>
    </ClInclude>
    <ClInclude Include="source\graphics\objects\framebuffer\framebuffer_attachment_format.h">
      <Filter>Header Files</Filter>
    </ClInclude>
    <ClInclude Include="source\graphics\objects\framebuffer\framebuffer_attachment_type.h">
      <Filter>Header Files</Filter>
    </ClInclude>
    <ClInclude Include="source\graphics\objects\framebuffer\framebuffer_descriptor.h">
      <Filter>Header Files</Filter>
    </ClInclude>
    <ClInclude Include="source\graphics\objects\framebuffer\framebuffer_layout.h">
      <Filter>Header Files</Filter>
    </ClInclude>
    <ClInclude Include="source\graphics\api\directx12\objects\framebuffer\dx12_framebuffer_attachment.h">
      <Filter>Header Files</Filter>
    </ClInclude>
    <ClInclude Include="source\graphics\api\directx12\objects\framebuffer\dx12_framebuffer.h">
      <Filter>Header Files</Filter>
    </ClInclude>
    <ClInclude Include="source\graphics\objects\framebuffer\framebuffer_attachment_transition_state.h">
      <Filter>Header Files</Filter>
    </ClInclude>
    <ClInclude Include="source\graphics\api\directx12\objects\framebuffer\dx12_framebuffer_attachment_transition_state.h">
      <Filter>Header Files</Filter>
    </ClInclude>
    <ClInclude Include="source\graphics\objects\framebuffer\framebuffer_clear_flags.h">
      <Filter>Header Files</Filter>
    </ClInclude>
    <ClInclude Include="source\graphics\pipeline\rasterizer\rasterizer_state_descriptor.h">
      <Filter>Header Files</Filter>
    </ClInclude>
    <ClInclude Include="source\graphics\api\vulkan\objects\swapchain\vk_swapchain.h">
      <Filter>Header Files</Filter>
    </ClInclude>
    <ClInclude Include="source\graphics\objects\swapchain\graphics_surface.h">
      <Filter>Header Files</Filter>
    </ClInclude>
    <ClInclude Include="source\graphics\objects\swapchain\graphics_surface_descriptor.h">
      <Filter>Header Files</Filter>
    </ClInclude>
    <ClInclude Include="source\graphics\api\vulkan\objects\swapchain\vk_graphics_surface.h">
      <Filter>Header Files</Filter>
    </ClInclude>
    <ClInclude Include="source\graphics\api\directx12\objects\swapchain\dx12_graphics_surface.h">
      <Filter>Header Files</Filter>
    </ClInclude>
    <ClInclude Include="source\graphics\api\vulkan\objects\framebuffer\vk_framebuffer.h">
      <Filter>Header Files</Filter>
    </ClInclude>
    <ClInclude Include="source\graphics\api\vulkan\objects\framebuffer\vk_framebuffer_attachment.h">
      <Filter>Header Files</Filter>
    </ClInclude>
    <ClInclude Include="source\graphics\api\vulkan\objects\framebuffer\vk_framebuffer_attachment_transition_state.h">
      <Filter>Header Files</Filter>
    </ClInclude>
  </ItemGroup>
  <ItemGroup>
    <ClCompile Include="source\core\engine.cpp">
      <Filter>Source Files</Filter>
    </ClCompile>
    <ClCompile Include="source\platform\windows\main.cpp">
      <Filter>Source Files</Filter>
    </ClCompile>
    <ClCompile Include="source\gameplay\neon_game.cpp">
      <Filter>Source Files</Filter>
    </ClCompile>
    <ClCompile Include="source\core\window\window.cpp">
      <Filter>Source Files</Filter>
    </ClCompile>
    <ClCompile Include="source\platform\windows\core\window\windows_window.cpp">
      <Filter>Source Files</Filter>
    </ClCompile>
    <ClCompile Include="source\graphics\graphics_context.cpp">
      <Filter>Source Files</Filter>
    </ClCompile>
    <ClCompile Include="source\graphics\graphics_driver.cpp">
      <Filter>Source Files</Filter>
    </ClCompile>
    <ClCompile Include="source\graphics\api\directx12\dx12_graphics_context.cpp">
      <Filter>Source Files</Filter>
    </ClCompile>
    <ClCompile Include="source\graphics\objects\command\command_queue.cpp">
      <Filter>Source Files</Filter>
    </ClCompile>
    <ClCompile Include="source\graphics\objects\command\command_buffer.cpp">
      <Filter>Source Files</Filter>
    </ClCompile>
    <ClCompile Include="source\graphics\api\directx12\objects\command\dx12_command_buffer.cpp">
      <Filter>Source Files</Filter>
    </ClCompile>
    <ClCompile Include="source\graphics\api\directx12\objects\command\dx12_command_queue.cpp">
      <Filter>Source Files</Filter>
    </ClCompile>
    <ClCompile Include="source\graphics\objects\swapchain\swapchain.cpp">
      <Filter>Source Files</Filter>
    </ClCompile>
    <ClCompile Include="source\graphics\hardware\adapter\display_mode_descriptor.cpp">
      <Filter>Source Files</Filter>
    </ClCompile>
    <ClCompile Include="source\graphics\api\vulkan\vk_graphics_context.cpp">
      <Filter>Source Files</Filter>
    </ClCompile>
    <ClCompile Include="source\graphics\api\vulkan\objects\command\vk_command_buffer.cpp">
      <Filter>Source Files</Filter>
    </ClCompile>
    <ClCompile Include="source\graphics\api\directx12\objects\command\dx12_command_pool.cpp">
      <Filter>Source Files</Filter>
    </ClCompile>
    <ClCompile Include="source\graphics\api\vulkan\objects\command\vk_command_queue.cpp">
      <Filter>Source Files</Filter>
    </ClCompile>
    <ClCompile Include="source\graphics\objects\sync\fence.cpp">
      <Filter>Source Files</Filter>
    </ClCompile>
    <ClCompile Include="source\graphics\api\vulkan\objects\sync\vk_fence.cpp">
      <Filter>Source Files</Filter>
    </ClCompile>
    <ClCompile Include="source\graphics\api\vulkan\objects\command\vk_command_pool.cpp">
      <Filter>Source Files</Filter>
    </ClCompile>
    <ClCompile Include="source\graphics\objects\command\command_pool.cpp">
      <Filter>Source Files</Filter>
    </ClCompile>
    <ClCompile Include="source\graphics\api\directx12\objects\sync\dx12_fence.cpp">
      <Filter>Source Files</Filter>
    </ClCompile>
    <ClCompile Include="source\graphics\api\directx12\objects\swapchain\dx12_swapchain.cpp">
      <Filter>Source Files</Filter>
    </ClCompile>
    <ClCompile Include="source\graphics\resources\texture\render_texture2D.cpp">
      <Filter>Source Files</Filter>
    </ClCompile>
    <ClCompile Include="source\graphics\pipeline\inputLayout\input_layout.cpp">
      <Filter>Source Files</Filter>
    </ClCompile>
    <ClCompile Include="source\graphics\pipeline\inputLayout\input_layout_element.cpp">
      <Filter>Source Files</Filter>
    </ClCompile>
    <ClCompile Include="source\graphics\pipeline\graphics_pipeline.cpp">
      <Filter>Source Files</Filter>
    </ClCompile>
    <ClCompile Include="source\graphics\api\vulkan\pipeline\vk_graphics_pipeline.cpp">
      <Filter>Source Files</Filter>
    </ClCompile>
    <ClCompile Include="source\graphics\resources\shader\shader.cpp">
      <Filter>Source Files</Filter>
    </ClCompile>
    <ClCompile Include="source\graphics\resources\buffer\vertex_buffer.cpp">
      <Filter>Source Files</Filter>
    </ClCompile>
    <ClCompile Include="source\graphics\api\vulkan\resources\buffer\vk_vertex_buffer.cpp">
      <Filter>Source Files</Filter>
    </ClCompile>
    <ClCompile Include="source\graphics\resources\memory\memory_pool.cpp">
      <Filter>Source Files</Filter>
    </ClCompile>
    <ClCompile Include="source\graphics\api\vulkan\resources\memory\vk_memory_pool.cpp">
      <Filter>Source Files</Filter>
    </ClCompile>
    <ClCompile Include="source\graphics\resources\buffer\index_buffer.cpp">
      <Filter>Source Files</Filter>
    </ClCompile>
    <ClCompile Include="source\graphics\resources\buffer\uniform_buffer.cpp">
      <Filter>Source Files</Filter>
    </ClCompile>
    <ClCompile Include="source\graphics\resources\buffer\vertex_array.cpp">
      <Filter>Source Files</Filter>
    </ClCompile>
    <ClCompile Include="source\graphics\api\vulkan\resources\buffer\vk_index_buffer.cpp">
      <Filter>Source Files</Filter>
    </ClCompile>
    <ClCompile Include="source\graphics\api\directx12\resources\buffer\dx12_vertex_buffer.cpp">
      <Filter>Source Files</Filter>
    </ClCompile>
    <ClCompile Include="source\graphics\api\directx12\resources\memory\dx12_memory_pool.cpp">
      <Filter>Source Files</Filter>
    </ClCompile>
    <ClCompile Include="source\graphics\objects\sync\resource_barrier.cpp">
      <Filter>Source Files</Filter>
    </ClCompile>
    <ClCompile Include="source\graphics\api\directx12\resources\buffer\dx12_index_buffer.cpp">
      <Filter>Source Files</Filter>
    </ClCompile>
    <ClCompile Include="source\graphics\api\directx12\resources\shader\dx12_shader.cpp">
      <Filter>Source Files</Filter>
    </ClCompile>
    <ClCompile Include="source\graphics\api\directx12\pipeline\dx12_graphics_pipeline.cpp">
      <Filter>Source Files</Filter>
    </ClCompile>
    <ClCompile Include="source\platform\windows\core\system\windows_file_system.cpp">
      <Filter>Source Files</Filter>
    </ClCompile>
    <ClCompile Include="source\graphics\api\vulkan\resources\shader\vk_shader.cpp">
      <Filter>Source Files</Filter>
    </ClCompile>
    <ClCompile Include="source\graphics\objects\command_generic\topology_state.cpp">
      <Filter>Source Files</Filter>
    </ClCompile>
    <ClCompile Include="source\graphics\api\directx12\objects\command_generic\dx12_topology_state.cpp">
      <Filter>Source Files</Filter>
    </ClCompile>
    <ClCompile Include="source\graphics\objects\command_generic\viewport.cpp">
      <Filter>Source Files</Filter>
    </ClCompile>
    <ClCompile Include="source\graphics\objects\command_generic\scissor.cpp">
      <Filter>Source Files</Filter>
    </ClCompile>
    <ClCompile Include="source\graphics\api\directx12\objects\command_generic\dx12_viewport.cpp">
      <Filter>Source Files</Filter>
    </ClCompile>
    <ClCompile Include="source\graphics\api\directx12\objects\command_generic\dx12_scissor.cpp">
      <Filter>Source Files</Filter>
    </ClCompile>
    <ClCompile Include="source\graphics\objects\framebuffer\framebuffer.cpp">
      <Filter>Source Files</Filter>
    </ClCompile>
    <ClCompile Include="source\graphics\objects\framebuffer\framebuffer_attachment.cpp">
      <Filter>Source Files</Filter>
    </ClCompile>
    <ClCompile Include="source\graphics\objects\framebuffer\framebuffer_layout.cpp">
      <Filter>Source Files</Filter>
    </ClCompile>
    <ClCompile Include="source\graphics\api\directx12\objects\framebuffer\dx12_framebuffer_attachment.cpp">
      <Filter>Source Files</Filter>
    </ClCompile>
    <ClCompile Include="source\graphics\api\directx12\objects\framebuffer\dx12_framebuffer.cpp">
      <Filter>Source Files</Filter>
    </ClCompile>
    <ClCompile Include="source\graphics\pipeline\rasterizer\rasterizer_state.cpp">
      <Filter>Source Files</Filter>
    </ClCompile>
    <ClCompile Include="source\graphics\api\vulkan\objects\swapchain\vk_swapchain.cpp">
      <Filter>Source Files</Filter>
    </ClCompile>
    <ClCompile Include="source\graphics\objects\swapchain\graphics_surface.cpp">
      <Filter>Source Files</Filter>
    </ClCompile>
    <ClCompile Include="source\graphics\api\vulkan\objects\swapchain\vk_graphics_surface.cpp">
      <Filter>Source Files</Filter>
    </ClCompile>
    <ClCompile Include="source\graphics\api\directx12\objects\swapchain\dx12_graphics_surface.cpp">
      <Filter>Source Files</Filter>
    </ClCompile>
    <ClCompile Include="source\graphics\api\vulkan\objects\framebuffer\vk_framebuffer.cpp">
      <Filter>Source Files</Filter>
    </ClCompile>
    <ClCompile Include="source\graphics\api\vulkan\objects\framebuffer\vk_framebuffer_attachment.cpp">
      <Filter>Source Files</Filter>
    </ClCompile>
  </ItemGroup>
  <ItemGroup>
    <ResourceCompile Include="Neon.rc">
      <Filter>Resource Files</Filter>
    </ResourceCompile>
  </ItemGroup>
  <ItemGroup>
    <Image Include="icon1.ico">
      <Filter>Resource Files</Filter>
    </Image>
  </ItemGroup>
</Project>